<Solution>
  <Folder Name="/Behavior Pattern/">
    <Project Path="CommandPattern/CommandPattern.csproj" Id="53e7454c-a0c7-4f89-a22b-edaa16f325d0" />
    <Project Path="Observer Pattern/Observer Pattern.csproj" Id="d621b9bb-993a-41f0-948e-cf8f55dae12c" />
    <Project Path="Strategy Pattern/Strategy Pattern.csproj" Id="1af9794a-9a2c-487f-9a65-3fc030a242de" />
  </Folder>
  <Folder Name="/Creation Pattern/">
    <Project Path="AbstracFactory/AbstracFactory.csproj" Id="d19384c1-b7c2-47ac-a838-9df3bfbc1cd8" />
    <Project Path="BuilderPattern/BuilderPattern.csproj" Id="ec8f99ba-b6fb-4305-84f6-8c5e15d4ddd1" />
    <Project Path="FactoryMethod/FactoryMethod.csproj" />
    <Project Path="ProtoType/ProtoType.csproj" Id="05b8e63f-9567-403e-b978-870954094e37" />
    <Project Path="SingletonPattern/SingletonPattern.csproj" Id="6c64f62d-2d70-41c6-80c9-24cb9be18df7" />
  </Folder>
  <Folder Name="/structural Pattern/">
    <Project Path="AdapterPattern/AdapterPattern.csproj" Id="1e11ad76-cb0c-4da4-8ff2-0c465c55f637" />
    <Project Path="BridgePattern/BridgePattern.csproj" Id="351af1ae-903d-4d5b-a3ce-da6ef689d3f9" />
    <Project Path="CompositePattern/CompositePattern.csproj" Id="61523007-a48b-4c9b-96b9-271f0449b83b" />
    <Project Path="DecoratePattern/DecoratePattern.csproj" Id="70a98c31-a4fe-4ed4-8aac-1ae52bfeee89" />
    <Project Path="FacadePattern/FacadePattern.csproj" Id="f436babc-1b1c-4784-b924-07449bc398ac" />
    <Project Path="ProxyPattern/ProxyPattern.csproj" Id="d36183eb-cf96-4823-9cf4-c7cb7f91b33f" />
  </Folder>
  <Project Path="Desgin Pattern/Desgin Pattern.csproj" />
</Solution>
